
Microsoft Visual Studio Solution File, Format Version 12.00
# Visual Studio 15
VisualStudioVersion = 15.0.28307.2092
MinimumVisualStudioVersion = 10.0.40219.1
Project("{FAE04EC0-301F-11D3-BF4B-00C04F79EFBC}") = "JuegoDado", "JuegoDado\JuegoDado.csproj", "{3F204DCE-63B0-418D-B7FC-A7F8627F8854}"
EndProject
Global
	GlobalSection(SolutionConfigurationPlatforms) = preSolution
		Debug|Any CPU = Debug|Any CPU
		Release|Any CPU = Release|Any CPU
	EndGlobalSection
	GlobalSection(ProjectConfigurationPlatforms) = postSolution
		{3F204DCE-63B0-418D-B7FC-A7F8627F8854}.Debug|Any CPU.ActiveCfg = Debug|Any CPU
		{3F204DCE-63B0-418D-B7FC-A7F8627F8854}.Debug|Any CPU.Build.0 = Debug|Any CPU
		{3F204DCE-63B0-418D-B7FC-A7F8627F8854}.Release|Any CPU.ActiveCfg = Release|Any CPU
		{3F204DCE-63B0-418D-B7FC-A7F8627F8854}.Release|Any CPU.Build.0 = Release|Any CPU
	EndGlobalSection
	GlobalSection(SolutionProperties) = preSolution
		HideSolutionNode = FALSE
	EndGlobalSection
	GlobalSection(ExtensibilityGlobals) = postSolution
		SolutionGuid = {C5A47C57-C546-4D0E-81E6-65462F224C10}
	EndGlobalSection
EndGlobal
